
Microsoft Visual Studio Solution File, Format Version 12.00
# Visual Studio 2012
Project("{FAE04EC0-301F-11D3-BF4B-00C04F79EFBC}") = "Simple Offline Demo", "Simple Offline Demo.csproj", "{A19310A7-CF08-4B45-AE22-831EFA35033A}"
EndProject
Global
	GlobalSection(SolutionConfigurationPlatforms) = preSolution
		Debug|Any CPU = Debug|Any CPU
		Release|Any CPU = Release|Any CPU
	EndGlobalSection
	GlobalSection(ProjectConfigurationPlatforms) = postSolution
		{A19310A7-CF08-4B45-AE22-831EFA35033A}.Debug|Any CPU.ActiveCfg = Debug|Any CPU
		{A19310A7-CF08-4B45-AE22-831EFA35033A}.Debug|Any CPU.Build.0 = Debug|Any CPU
		{A19310A7-CF08-4B45-AE22-831EFA35033A}.Release|Any CPU.ActiveCfg = Release|Any CPU
		{A19310A7-CF08-4B45-AE22-831EFA35033A}.Release|Any CPU.Build.0 = Release|Any CPU
	EndGlobalSection
	GlobalSection(SolutionProperties) = preSolution
		HideSolutionNode = FALSE
	EndGlobalSection
EndGlobal
