Microsoft Visual Studio Solution File, Format Version 12.00
# Visual Studio 15
VisualStudioVersion = 15.0.26730.12
MinimumVisualStudioVersion = 10.0.40219.1
Project("{FAE04EC0-301F-11D3-BF4B-00C04F79EFBC}") = "Non visual demo", "Non visual demo.csproj", "{449B411F-A398-457F-AC36-2C5C10BD345E}"
EndProject
Global
	GlobalSection(SolutionConfigurationPlatforms) = preSolution
		Debug|Any CPU = Debug|Any CPU
		Release|Any CPU = Release|Any CPU
	EndGlobalSection
	GlobalSection(ProjectConfigurationPlatforms) = postSolution
		{449B411F-A398-457F-AC36-2C5C10BD345E}.Debug|Any CPU.ActiveCfg = Debug|Any CPU
		{449B411F-A398-457F-AC36-2C5C10BD345E}.Debug|Any CPU.Build.0 = Debug|Any CPU
		{449B411F-A398-457F-AC36-2C5C10BD345E}.Release|Any CPU.ActiveCfg = Release|Any CPU
		{449B411F-A398-457F-AC36-2C5C10BD345E}.Release|Any CPU.Build.0 = Release|Any CPU
	EndGlobalSection
	GlobalSection(SolutionProperties) = preSolution
		HideSolutionNode = FALSE
	EndGlobalSection
	GlobalSection(ExtensibilityGlobals) = postSolution
		SolutionGuid = {EDC7B34B-311E-4EA8-B3DC-091D55023157}
	EndGlobalSection
EndGlobal
