Microsoft Visual Studio Solution File, Format Version 12.00
# Visual Studio 15
VisualStudioVersion = 15.0.26730.12
MinimumVisualStudioVersion = 10.0.40219.1
Project("{FAE04EC0-301F-11D3-BF4B-00C04F79EFBC}") = "Custom Expression Editor", "Custom Expression Editor.csproj", "{6B6402B6-0EAC-4DC2-A8F0-F2BB56784E1A}"
EndProject
Global
	GlobalSection(SolutionConfigurationPlatforms) = preSolution
		Debug|Any CPU = Debug|Any CPU
		Release|Any CPU = Release|Any CPU
	EndGlobalSection
	GlobalSection(ProjectConfigurationPlatforms) = postSolution
		{6B6402B6-0EAC-4DC2-A8F0-F2BB56784E1A}.Debug|Any CPU.ActiveCfg = Debug|Any CPU
		{6B6402B6-0EAC-4DC2-A8F0-F2BB56784E1A}.Debug|Any CPU.Build.0 = Debug|Any CPU
		{6B6402B6-0EAC-4DC2-A8F0-F2BB56784E1A}.Release|Any CPU.ActiveCfg = Release|Any CPU
		{6B6402B6-0EAC-4DC2-A8F0-F2BB56784E1A}.Release|Any CPU.Build.0 = Release|Any CPU
	EndGlobalSection
	GlobalSection(SolutionProperties) = preSolution
		HideSolutionNode = FALSE
	EndGlobalSection
	GlobalSection(ExtensibilityGlobals) = postSolution
		SolutionGuid = {04AB7C75-790B-44A6-8708-5BBB835DD32C}
	EndGlobalSection
EndGlobal
