
Microsoft Visual Studio Solution File, Format Version 12.00
# Visual Studio 15
VisualStudioVersion = 15.0.26730.12
MinimumVisualStudioVersion = 10.0.40219.1
Project("{FAE04EC0-301F-11D3-BF4B-00C04F79EFBC}") = "Mvc Razor Query Results", "Mvc Razor Query Results.csproj", "{760BE902-1E3B-4E02-A925-0920E6D4F377}"
EndProject
Global
	GlobalSection(SolutionConfigurationPlatforms) = preSolution
		Debug|Any CPU = Debug|Any CPU
		Release|Any CPU = Release|Any CPU
	EndGlobalSection
	GlobalSection(ProjectConfigurationPlatforms) = postSolution
		{760BE902-1E3B-4E02-A925-0920E6D4F377}.Debug|Any CPU.ActiveCfg = Debug|Any CPU
		{760BE902-1E3B-4E02-A925-0920E6D4F377}.Debug|Any CPU.Build.0 = Debug|Any CPU
		{760BE902-1E3B-4E02-A925-0920E6D4F377}.Release|Any CPU.ActiveCfg = Release|Any CPU
		{760BE902-1E3B-4E02-A925-0920E6D4F377}.Release|Any CPU.Build.0 = Release|Any CPU
	EndGlobalSection
	GlobalSection(SolutionProperties) = preSolution
		HideSolutionNode = FALSE
	EndGlobalSection
	GlobalSection(ExtensibilityGlobals) = postSolution
		SolutionGuid = {3C1B4DBA-62A5-41BF-A51D-0659B54D5D75}
	EndGlobalSection
EndGlobal
