
Microsoft Visual Studio Solution File, Format Version 12.00
# Visual Studio 15
VisualStudioVersion = 15.0.26730.12
MinimumVisualStudioVersion = 10.0.40219.1
Project("{FAE04EC0-301F-11D3-BF4B-00C04F79EFBC}") = "MVC ASPX Query Results", "MVC ASPX Query Results.csproj", "{151D127E-39C7-44AB-88FD-1B151B888A87}"
EndProject
Global
	GlobalSection(SolutionConfigurationPlatforms) = preSolution
		Debug|Any CPU = Debug|Any CPU
		Release|Any CPU = Release|Any CPU
	EndGlobalSection
	GlobalSection(ProjectConfigurationPlatforms) = postSolution
		{151D127E-39C7-44AB-88FD-1B151B888A87}.Debug|Any CPU.ActiveCfg = Debug|Any CPU
		{151D127E-39C7-44AB-88FD-1B151B888A87}.Debug|Any CPU.Build.0 = Debug|Any CPU
		{151D127E-39C7-44AB-88FD-1B151B888A87}.Release|Any CPU.ActiveCfg = Release|Any CPU
		{151D127E-39C7-44AB-88FD-1B151B888A87}.Release|Any CPU.Build.0 = Release|Any CPU
	EndGlobalSection
	GlobalSection(SolutionProperties) = preSolution
		HideSolutionNode = FALSE
	EndGlobalSection
	GlobalSection(ExtensibilityGlobals) = postSolution
		SolutionGuid = {B0A51F1A-C349-4EA1-BA56-2E71DDB13F61}
	EndGlobalSection
EndGlobal
