Microsoft Visual Studio Solution File, Format Version 12.00
# Visual Studio 15
VisualStudioVersion = 15.0.26730.12
MinimumVisualStudioVersion = 10.0.40219.1
Project("{FAE04EC0-301F-11D3-BF4B-00C04F79EFBC}") = "Virtual Objects And Fields", "Virtual Objects And Fields.csproj", "{A248C9FA-BC32-4EA3-85B5-71B4C6A90B43}"
EndProject
Global
	GlobalSection(SolutionConfigurationPlatforms) = preSolution
		Debug|Any CPU = Debug|Any CPU
		Release|Any CPU = Release|Any CPU
	EndGlobalSection
	GlobalSection(ProjectConfigurationPlatforms) = postSolution
		{A248C9FA-BC32-4EA3-85B5-71B4C6A90B43}.Debug|Any CPU.ActiveCfg = Debug|Any CPU
		{A248C9FA-BC32-4EA3-85B5-71B4C6A90B43}.Debug|Any CPU.Build.0 = Debug|Any CPU
		{A248C9FA-BC32-4EA3-85B5-71B4C6A90B43}.Release|Any CPU.ActiveCfg = Release|Any CPU
		{A248C9FA-BC32-4EA3-85B5-71B4C6A90B43}.Release|Any CPU.Build.0 = Release|Any CPU
	EndGlobalSection
	GlobalSection(SolutionProperties) = preSolution
		HideSolutionNode = FALSE
	EndGlobalSection
	GlobalSection(ExtensibilityGlobals) = postSolution
		SolutionGuid = {A3C40207-DC24-47C6-BAC2-40FDA7015E7B}
	EndGlobalSection
EndGlobal
